// !$*UTF8*$!
{
	archiveVersion = 1;
	classes = {
	};
	objectVersion = 48;
	objects = {

/* Begin PBXBuildFile section */
		488B13861FFE675D001ADE46 /* Hex.swift in Sources */ = {isa = PBXBuildFile; fileRef = 488B13851FFE675D001ADE46 /* Hex.swift */; };
		488B138C1FFE6D1D001ADE46 /* HexTests.swift in Sources */ = {isa = PBXBuildFile; fileRef = 488B138B1FFE6D1D001ADE46 /* HexTests.swift */; };
		488B138E1FFE84C4001ADE46 /* UIColorExtensionTests.swift in Sources */ = {isa = PBXBuildFile; fileRef = 488B138D1FFE84C4001ADE46 /* UIColorExtensionTests.swift */; };
		48CC4BCE1FFF283B007D257B /* HexConverter.swift in Sources */ = {isa = PBXBuildFile; fileRef = 48CC4BCD1FFF283B007D257B /* HexConverter.swift */; };
		48CC4BD01FFF28BF007D257B /* ColorConverter.swift in Sources */ = {isa = PBXBuildFile; fileRef = 48CC4BCF1FFF28BF007D257B /* ColorConverter.swift */; };
		48CC4BD41FFF29ED007D257B /* HexConverterTests.swift in Sources */ = {isa = PBXBuildFile; fileRef = 48CC4BD31FFF29ED007D257B /* HexConverterTests.swift */; };
		48CC4BD81FFF2A99007D257B /* ColorConverterTests.swift in Sources */ = {isa = PBXBuildFile; fileRef = 48CC4BD71FFF2A99007D257B /* ColorConverterTests.swift */; };
		48CC4BDA1FFF2B24007D257B /* HexColorConverterTests.swift in Sources */ = {isa = PBXBuildFile; fileRef = 48CC4BD91FFF2B24007D257B /* HexColorConverterTests.swift */; };
		48CC4BDC1FFF3257007D257B /* ViewToImageCreator.swift in Sources */ = {isa = PBXBuildFile; fileRef = 48CC4BDB1FFF3257007D257B /* ViewToImageCreator.swift */; };
		48CC4BDF1FFF32B5007D257B /* UIViewExtensionTests.swift in Sources */ = {isa = PBXBuildFile; fileRef = 48CC4BDE1FFF32B5007D257B /* UIViewExtensionTests.swift */; };
		48CC4BE11FFF3371007D257B /* ImageCreationTests.swift in Sources */ = {isa = PBXBuildFile; fileRef = 48CC4BE01FFF3371007D257B /* ImageCreationTests.swift */; };
		48CC4BE31FFF33D5007D257B /* ViewToImageCreatorTests.swift in Sources */ = {isa = PBXBuildFile; fileRef = 48CC4BE21FFF33D5007D257B /* ViewToImageCreatorTests.swift */; };
		48D791B41FFE1A940023D0CD /* TiyoNirExtensions.framework in Frameworks */ = {isa = PBXBuildFile; fileRef = 48D791AA1FFE1A940023D0CD /* TiyoNirExtensions.framework */; };
		48D791BB1FFE1A940023D0CD /* TiyoNirExtensions.h in Headers */ = {isa = PBXBuildFile; fileRef = 48D791AD1FFE1A940023D0CD /* TiyoNirExtensions.h */; settings = {ATTRIBUTES = (Public, ); }; };
		48D791C71FFE1AC30023D0CD /* ImageCreator.swift in Sources */ = {isa = PBXBuildFile; fileRef = 48D791C61FFE1AC30023D0CD /* ImageCreator.swift */; };
		48D791CA1FFE27B30023D0CD /* HexColorConverter.swift in Sources */ = {isa = PBXBuildFile; fileRef = 48D791C91FFE27B30023D0CD /* HexColorConverter.swift */; };
		48E8003A20012B7C00F5D902 /* Email.swift in Sources */ = {isa = PBXBuildFile; fileRef = 48E8003920012B7C00F5D902 /* Email.swift */; };
		48E8003C20012C7600F5D902 /* EmailValidator.swift in Sources */ = {isa = PBXBuildFile; fileRef = 48E8003B20012C7600F5D902 /* EmailValidator.swift */; };
		48E8003F200130A800F5D902 /* EmailValidatorTests.swift in Sources */ = {isa = PBXBuildFile; fileRef = 48E8003E200130A800F5D902 /* EmailValidatorTests.swift */; };
		48E800412001329D00F5D902 /* EmailValidationTests.swift in Sources */ = {isa = PBXBuildFile; fileRef = 48E800402001329D00F5D902 /* EmailValidationTests.swift */; };
		48E800432001335100F5D902 /* EmailTests.swift in Sources */ = {isa = PBXBuildFile; fileRef = 48E800422001335100F5D902 /* EmailTests.swift */; };
/* End PBXBuildFile section */

/* Begin PBXContainerItemProxy section */
		48D791B51FFE1A940023D0CD /* PBXContainerItemProxy */ = {
			isa = PBXContainerItemProxy;
			containerPortal = 48D791A11FFE1A940023D0CD /* Project object */;
			proxyType = 1;
			remoteGlobalIDString = 48D791A91FFE1A940023D0CD;
			remoteInfo = TiyoNirExtensions;
		};
/* End PBXContainerItemProxy section */

/* Begin PBXFileReference section */
		488B13851FFE675D001ADE46 /* Hex.swift */ = {isa = PBXFileReference; lastKnownFileType = sourcecode.swift; path = Hex.swift; sourceTree = "<group>"; };
		488B138B1FFE6D1D001ADE46 /* HexTests.swift */ = {isa = PBXFileReference; lastKnownFileType = sourcecode.swift; path = HexTests.swift; sourceTree = "<group>"; };
		488B138D1FFE84C4001ADE46 /* UIColorExtensionTests.swift */ = {isa = PBXFileReference; lastKnownFileType = sourcecode.swift; path = UIColorExtensionTests.swift; sourceTree = "<group>"; };
		48CC4BCD1FFF283B007D257B /* HexConverter.swift */ = {isa = PBXFileReference; lastKnownFileType = sourcecode.swift; path = HexConverter.swift; sourceTree = "<group>"; };
		48CC4BCF1FFF28BF007D257B /* ColorConverter.swift */ = {isa = PBXFileReference; lastKnownFileType = sourcecode.swift; path = ColorConverter.swift; sourceTree = "<group>"; };
		48CC4BD31FFF29ED007D257B /* HexConverterTests.swift */ = {isa = PBXFileReference; lastKnownFileType = sourcecode.swift; path = HexConverterTests.swift; sourceTree = "<group>"; };
		48CC4BD71FFF2A99007D257B /* ColorConverterTests.swift */ = {isa = PBXFileReference; lastKnownFileType = sourcecode.swift; path = ColorConverterTests.swift; sourceTree = "<group>"; };
		48CC4BD91FFF2B24007D257B /* HexColorConverterTests.swift */ = {isa = PBXFileReference; lastKnownFileType = sourcecode.swift; path = HexColorConverterTests.swift; sourceTree = "<group>"; };
		48CC4BDB1FFF3257007D257B /* ViewToImageCreator.swift */ = {isa = PBXFileReference; lastKnownFileType = sourcecode.swift; path = ViewToImageCreator.swift; sourceTree = "<group>"; };
		48CC4BDE1FFF32B5007D257B /* UIViewExtensionTests.swift */ = {isa = PBXFileReference; lastKnownFileType = sourcecode.swift; path = UIViewExtensionTests.swift; sourceTree = "<group>"; };
		48CC4BE01FFF3371007D257B /* ImageCreationTests.swift */ = {isa = PBXFileReference; lastKnownFileType = sourcecode.swift; path = ImageCreationTests.swift; sourceTree = "<group>"; };
		48CC4BE21FFF33D5007D257B /* ViewToImageCreatorTests.swift */ = {isa = PBXFileReference; lastKnownFileType = sourcecode.swift; path = ViewToImageCreatorTests.swift; sourceTree = "<group>"; };
		48D791AA1FFE1A940023D0CD /* TiyoNirExtensions.framework */ = {isa = PBXFileReference; explicitFileType = wrapper.framework; includeInIndex = 0; path = TiyoNirExtensions.framework; sourceTree = BUILT_PRODUCTS_DIR; };
		48D791AD1FFE1A940023D0CD /* TiyoNirExtensions.h */ = {isa = PBXFileReference; lastKnownFileType = sourcecode.c.h; path = TiyoNirExtensions.h; sourceTree = "<group>"; };
		48D791AE1FFE1A940023D0CD /* Info.plist */ = {isa = PBXFileReference; lastKnownFileType = text.plist.xml; path = Info.plist; sourceTree = "<group>"; };
		48D791B31FFE1A940023D0CD /* TiyoNirExtensionsTests.xctest */ = {isa = PBXFileReference; explicitFileType = wrapper.cfbundle; includeInIndex = 0; path = TiyoNirExtensionsTests.xctest; sourceTree = BUILT_PRODUCTS_DIR; };
		48D791BA1FFE1A940023D0CD /* Info.plist */ = {isa = PBXFileReference; lastKnownFileType = text.plist.xml; path = Info.plist; sourceTree = "<group>"; };
		48D791C61FFE1AC30023D0CD /* ImageCreator.swift */ = {isa = PBXFileReference; lastKnownFileType = sourcecode.swift; path = ImageCreator.swift; sourceTree = "<group>"; };
		48D791C91FFE27B30023D0CD /* HexColorConverter.swift */ = {isa = PBXFileReference; lastKnownFileType = sourcecode.swift; path = HexColorConverter.swift; sourceTree = "<group>"; };
		48E8003920012B7C00F5D902 /* Email.swift */ = {isa = PBXFileReference; lastKnownFileType = sourcecode.swift; path = Email.swift; sourceTree = "<group>"; };
		48E8003B20012C7600F5D902 /* EmailValidator.swift */ = {isa = PBXFileReference; lastKnownFileType = sourcecode.swift; path = EmailValidator.swift; sourceTree = "<group>"; };
		48E8003E200130A800F5D902 /* EmailValidatorTests.swift */ = {isa = PBXFileReference; lastKnownFileType = sourcecode.swift; path = EmailValidatorTests.swift; sourceTree = "<group>"; };
		48E800402001329D00F5D902 /* EmailValidationTests.swift */ = {isa = PBXFileReference; lastKnownFileType = sourcecode.swift; path = EmailValidationTests.swift; sourceTree = "<group>"; };
		48E800422001335100F5D902 /* EmailTests.swift */ = {isa = PBXFileReference; lastKnownFileType = sourcecode.swift; path = EmailTests.swift; sourceTree = "<group>"; };
/* End PBXFileReference section */

/* Begin PBXFrameworksBuildPhase section */
		48D791A61FFE1A940023D0CD /* Frameworks */ = {
			isa = PBXFrameworksBuildPhase;
			buildActionMask = 2147483647;
			files = (
			);
			runOnlyForDeploymentPostprocessing = 0;
		};
		48D791B01FFE1A940023D0CD /* Frameworks */ = {
			isa = PBXFrameworksBuildPhase;
			buildActionMask = 2147483647;
			files = (
				48D791B41FFE1A940023D0CD /* TiyoNirExtensions.framework in Frameworks */,
			);
			runOnlyForDeploymentPostprocessing = 0;
		};
/* End PBXFrameworksBuildPhase section */

/* Begin PBXGroup section */
		488B13871FFE6CDE001ADE46 /* Source */ = {
			isa = PBXGroup;
			children = (
				48E8003D2001305100F5D902 /* EmailValidator */,
				488B13881FFE6CE5001ADE46 /* HexColorConverter */,
				48CC4BDD1FFF328D007D257B /* ImageCreator */,
			);
			path = Source;
			sourceTree = "<group>";
		};
		488B13881FFE6CE5001ADE46 /* HexColorConverter */ = {
			isa = PBXGroup;
			children = (
				48CC4BD71FFF2A99007D257B /* ColorConverterTests.swift */,
				48CC4BD91FFF2B24007D257B /* HexColorConverterTests.swift */,
				48CC4BD31FFF29ED007D257B /* HexConverterTests.swift */,
				488B138B1FFE6D1D001ADE46 /* HexTests.swift */,
				488B138D1FFE84C4001ADE46 /* UIColorExtensionTests.swift */,
			);
			path = HexColorConverter;
			sourceTree = "<group>";
		};
		48CC4BDD1FFF328D007D257B /* ImageCreator */ = {
			isa = PBXGroup;
			children = (
				48CC4BE01FFF3371007D257B /* ImageCreationTests.swift */,
				48CC4BDE1FFF32B5007D257B /* UIViewExtensionTests.swift */,
				48CC4BE21FFF33D5007D257B /* ViewToImageCreatorTests.swift */,
			);
			path = ImageCreator;
			sourceTree = "<group>";
		};
		48D791A01FFE1A940023D0CD = {
			isa = PBXGroup;
			children = (
				48D791AC1FFE1A940023D0CD /* TiyoNirExtensions */,
				48D791B71FFE1A940023D0CD /* TiyoNirExtensionsTests */,
				48D791AB1FFE1A940023D0CD /* Products */,
			);
			sourceTree = "<group>";
		};
		48D791AB1FFE1A940023D0CD /* Products */ = {
			isa = PBXGroup;
			children = (
				48D791AA1FFE1A940023D0CD /* TiyoNirExtensions.framework */,
				48D791B31FFE1A940023D0CD /* TiyoNirExtensionsTests.xctest */,
			);
			name = Products;
			sourceTree = "<group>";
		};
		48D791AC1FFE1A940023D0CD /* TiyoNirExtensions */ = {
			isa = PBXGroup;
			children = (
				48D791C41FFE1AA10023D0CD /* Source */,
				48D791AD1FFE1A940023D0CD /* TiyoNirExtensions.h */,
				48D791AE1FFE1A940023D0CD /* Info.plist */,
			);
			path = TiyoNirExtensions;
			sourceTree = "<group>";
		};
		48D791B71FFE1A940023D0CD /* TiyoNirExtensionsTests */ = {
			isa = PBXGroup;
			children = (
				488B13871FFE6CDE001ADE46 /* Source */,
				48D791BA1FFE1A940023D0CD /* Info.plist */,
			);
			path = TiyoNirExtensionsTests;
			sourceTree = "<group>";
		};
		48D791C41FFE1AA10023D0CD /* Source */ = {
			isa = PBXGroup;
			children = (
				48E8003820012B4700F5D902 /* EmailValidator */,
				48D791C81FFE27870023D0CD /* HexColorConverter */,
				48D791C51FFE1AAE0023D0CD /* ImageCreator */,
			);
			path = Source;
			sourceTree = "<group>";
		};
		48D791C51FFE1AAE0023D0CD /* ImageCreator */ = {
			isa = PBXGroup;
			children = (
				48D791C61FFE1AC30023D0CD /* ImageCreator.swift */,
				48CC4BDB1FFF3257007D257B /* ViewToImageCreator.swift */,
			);
			path = ImageCreator;
			sourceTree = "<group>";
		};
		48D791C81FFE27870023D0CD /* HexColorConverter */ = {
			isa = PBXGroup;
			children = (
				48CC4BCF1FFF28BF007D257B /* ColorConverter.swift */,
				488B13851FFE675D001ADE46 /* Hex.swift */,
				48D791C91FFE27B30023D0CD /* HexColorConverter.swift */,
				48CC4BCD1FFF283B007D257B /* HexConverter.swift */,
			);
			path = HexColorConverter;
			sourceTree = "<group>";
		};
		48E8003820012B4700F5D902 /* EmailValidator */ = {
			isa = PBXGroup;
			children = (
				48E8003920012B7C00F5D902 /* Email.swift */,
				48E8003B20012C7600F5D902 /* EmailValidator.swift */,
			);
			path = EmailValidator;
			sourceTree = "<group>";
		};
		48E8003D2001305100F5D902 /* EmailValidator */ = {
			isa = PBXGroup;
			children = (
				48E800422001335100F5D902 /* EmailTests.swift */,
				48E800402001329D00F5D902 /* EmailValidationTests.swift */,
				48E8003E200130A800F5D902 /* EmailValidatorTests.swift */,
			);
			path = EmailValidator;
			sourceTree = "<group>";
		};
/* End PBXGroup section */

/* Begin PBXHeadersBuildPhase section */
		48D791A71FFE1A940023D0CD /* Headers */ = {
			isa = PBXHeadersBuildPhase;
			buildActionMask = 2147483647;
			files = (
				48D791BB1FFE1A940023D0CD /* TiyoNirExtensions.h in Headers */,
			);
			runOnlyForDeploymentPostprocessing = 0;
		};
/* End PBXHeadersBuildPhase section */

/* Begin PBXNativeTarget section */
		48D791A91FFE1A940023D0CD /* TiyoNirExtensions */ = {
			isa = PBXNativeTarget;
			buildConfigurationList = 48D791BE1FFE1A940023D0CD /* Build configuration list for PBXNativeTarget "TiyoNirExtensions" */;
			buildPhases = (
				48D791A51FFE1A940023D0CD /* Sources */,
				48D791A61FFE1A940023D0CD /* Frameworks */,
				48D791A71FFE1A940023D0CD /* Headers */,
				48D791A81FFE1A940023D0CD /* Resources */,
			);
			buildRules = (
			);
			dependencies = (
			);
			name = TiyoNirExtensions;
			productName = TiyoNirExtensions;
			productReference = 48D791AA1FFE1A940023D0CD /* TiyoNirExtensions.framework */;
			productType = "com.apple.product-type.framework";
		};
		48D791B21FFE1A940023D0CD /* TiyoNirExtensionsTests */ = {
			isa = PBXNativeTarget;
			buildConfigurationList = 48D791C11FFE1A940023D0CD /* Build configuration list for PBXNativeTarget "TiyoNirExtensionsTests" */;
			buildPhases = (
				48D791AF1FFE1A940023D0CD /* Sources */,
				48D791B01FFE1A940023D0CD /* Frameworks */,
				48D791B11FFE1A940023D0CD /* Resources */,
			);
			buildRules = (
			);
			dependencies = (
				48D791B61FFE1A940023D0CD /* PBXTargetDependency */,
			);
			name = TiyoNirExtensionsTests;
			productName = TiyoNirExtensionsTests;
			productReference = 48D791B31FFE1A940023D0CD /* TiyoNirExtensionsTests.xctest */;
			productType = "com.apple.product-type.bundle.unit-test";
		};
/* End PBXNativeTarget section */

/* Begin PBXProject section */
		48D791A11FFE1A940023D0CD /* Project object */ = {
			isa = PBXProject;
			attributes = {
				LastSwiftUpdateCheck = 0900;
				LastUpgradeCheck = 0900;
				ORGANIZATIONNAME = Nir;
				TargetAttributes = {
					48D791A91FFE1A940023D0CD = {
						CreatedOnToolsVersion = 9.0.1;
						LastSwiftMigration = 0900;
						ProvisioningStyle = Automatic;
					};
					48D791B21FFE1A940023D0CD = {
						CreatedOnToolsVersion = 9.0.1;
						LastSwiftMigration = 0900;
						ProvisioningStyle = Automatic;
					};
				};
			};
			buildConfigurationList = 48D791A41FFE1A940023D0CD /* Build configuration list for PBXProject "TiyoNirExtensions" */;
			compatibilityVersion = "Xcode 8.0";
			developmentRegion = en;
			hasScannedForEncodings = 0;
			knownRegions = (
				en,
			);
			mainGroup = 48D791A01FFE1A940023D0CD;
			productRefGroup = 48D791AB1FFE1A940023D0CD /* Products */;
			projectDirPath = "";
			projectRoot = "";
			targets = (
				48D791A91FFE1A940023D0CD /* TiyoNirExtensions */,
				48D791B21FFE1A940023D0CD /* TiyoNirExtensionsTests */,
			);
		};
/* End PBXProject section */

/* Begin PBXResourcesBuildPhase section */
		48D791A81FFE1A940023D0CD /* Resources */ = {
			isa = PBXResourcesBuildPhase;
			buildActionMask = 2147483647;
			files = (
			);
			runOnlyForDeploymentPostprocessing = 0;
		};
		48D791B11FFE1A940023D0CD /* Resources */ = {
			isa = PBXResourcesBuildPhase;
			buildActionMask = 2147483647;
			files = (
			);
			runOnlyForDeploymentPostprocessing = 0;
		};
/* End PBXResourcesBuildPhase section */

/* Begin PBXSourcesBuildPhase section */
		48D791A51FFE1A940023D0CD /* Sources */ = {
			isa = PBXSourcesBuildPhase;
			buildActionMask = 2147483647;
			files = (
				488B13861FFE675D001ADE46 /* Hex.swift in Sources */,
				48E8003A20012B7C00F5D902 /* Email.swift in Sources */,
				48D791CA1FFE27B30023D0CD /* HexColorConverter.swift in Sources */,
				48CC4BDC1FFF3257007D257B /* ViewToImageCreator.swift in Sources */,
				48CC4BD01FFF28BF007D257B /* ColorConverter.swift in Sources */,
				48E8003C20012C7600F5D902 /* EmailValidator.swift in Sources */,
				48CC4BCE1FFF283B007D257B /* HexConverter.swift in Sources */,
				48D791C71FFE1AC30023D0CD /* ImageCreator.swift in Sources */,
			);
			runOnlyForDeploymentPostprocessing = 0;
		};
		48D791AF1FFE1A940023D0CD /* Sources */ = {
			isa = PBXSourcesBuildPhase;
			buildActionMask = 2147483647;
			files = (
				48CC4BDA1FFF2B24007D257B /* HexColorConverterTests.swift in Sources */,
				48CC4BD41FFF29ED007D257B /* HexConverterTests.swift in Sources */,
				48CC4BE11FFF3371007D257B /* ImageCreationTests.swift in Sources */,
				48E800432001335100F5D902 /* EmailTests.swift in Sources */,
				48E8003F200130A800F5D902 /* EmailValidatorTests.swift in Sources */,
				488B138C1FFE6D1D001ADE46 /* HexTests.swift in Sources */,
				48CC4BE31FFF33D5007D257B /* ViewToImageCreatorTests.swift in Sources */,
				48CC4BD81FFF2A99007D257B /* ColorConverterTests.swift in Sources */,
				48E800412001329D00F5D902 /* EmailValidationTests.swift in Sources */,
				48CC4BDF1FFF32B5007D257B /* UIViewExtensionTests.swift in Sources */,
				488B138E1FFE84C4001ADE46 /* UIColorExtensionTests.swift in Sources */,
			);
			runOnlyForDeploymentPostprocessing = 0;
		};
/* End PBXSourcesBuildPhase section */

/* Begin PBXTargetDependency section */
		48D791B61FFE1A940023D0CD /* PBXTargetDependency */ = {
			isa = PBXTargetDependency;
			target = 48D791A91FFE1A940023D0CD /* TiyoNirExtensions */;
			targetProxy = 48D791B51FFE1A940023D0CD /* PBXContainerItemProxy */;
		};
/* End PBXTargetDependency section */

/* Begin XCBuildConfiguration section */
		48D791BC1FFE1A940023D0CD /* Debug */ = {
			isa = XCBuildConfiguration;
			buildSettings = {
				ALWAYS_SEARCH_USER_PATHS = NO;
				CLANG_ANALYZER_NONNULL = YES;
				CLANG_ANALYZER_NUMBER_OBJECT_CONVERSION = YES_AGGRESSIVE;
				CLANG_CXX_LANGUAGE_STANDARD = "gnu++14";
				CLANG_CXX_LIBRARY = "libc++";
				CLANG_ENABLE_MODULES = YES;
				CLANG_ENABLE_OBJC_ARC = YES;
				CLANG_WARN_BLOCK_CAPTURE_AUTORELEASING = YES;
				CLANG_WARN_BOOL_CONVERSION = YES;
				CLANG_WARN_COMMA = YES;
				CLANG_WARN_CONSTANT_CONVERSION = YES;
				CLANG_WARN_DIRECT_OBJC_ISA_USAGE = YES_ERROR;
				CLANG_WARN_DOCUMENTATION_COMMENTS = YES;
				CLANG_WARN_EMPTY_BODY = YES;
				CLANG_WARN_ENUM_CONVERSION = YES;
				CLANG_WARN_INFINITE_RECURSION = YES;
				CLANG_WARN_INT_CONVERSION = YES;
				CLANG_WARN_NON_LITERAL_NULL_CONVERSION = YES;
				CLANG_WARN_OBJC_LITERAL_CONVERSION = YES;
				CLANG_WARN_OBJC_ROOT_CLASS = YES_ERROR;
				CLANG_WARN_RANGE_LOOP_ANALYSIS = YES;
				CLANG_WARN_STRICT_PROTOTYPES = YES;
				CLANG_WARN_SUSPICIOUS_MOVE = YES;
				CLANG_WARN_UNGUARDED_AVAILABILITY = YES_AGGRESSIVE;
				CLANG_WARN_UNREACHABLE_CODE = YES;
				CLANG_WARN__DUPLICATE_METHOD_MATCH = YES;
				CODE_SIGN_IDENTITY = "iPhone Developer";
				COPY_PHASE_STRIP = NO;
				CURRENT_PROJECT_VERSION = 1;
				DEBUG_INFORMATION_FORMAT = dwarf;
				ENABLE_STRICT_OBJC_MSGSEND = YES;
				ENABLE_TESTABILITY = YES;
				GCC_C_LANGUAGE_STANDARD = gnu11;
				GCC_DYNAMIC_NO_PIC = NO;
				GCC_NO_COMMON_BLOCKS = YES;
				GCC_OPTIMIZATION_LEVEL = 0;
				GCC_PREPROCESSOR_DEFINITIONS = (
					"DEBUG=1",
					"$(inherited)",
				);
				GCC_WARN_64_TO_32_BIT_CONVERSION = YES;
				GCC_WARN_ABOUT_RETURN_TYPE = YES_ERROR;
				GCC_WARN_UNDECLARED_SELECTOR = YES;
				GCC_WARN_UNINITIALIZED_AUTOS = YES_AGGRESSIVE;
				GCC_WARN_UNUSED_FUNCTION = YES;
				GCC_WARN_UNUSED_VARIABLE = YES;
				IPHONEOS_DEPLOYMENT_TARGET = 11.0;
				MTL_ENABLE_DEBUG_INFO = YES;
				ONLY_ACTIVE_ARCH = YES;
				SDKROOT = iphoneos;
				SWIFT_ACTIVE_COMPILATION_CONDITIONS = DEBUG;
				SWIFT_OPTIMIZATION_LEVEL = "-Onone";
				VERSIONING_SYSTEM = "apple-generic";
				VERSION_INFO_PREFIX = "";
			};
			name = Debug;
		};
		48D791BD1FFE1A940023D0CD /* Release */ = {
			isa = XCBuildConfiguration;
			buildSettings = {
				ALWAYS_SEARCH_USER_PATHS = NO;
				CLANG_ANALYZER_NONNULL = YES;
				CLANG_ANALYZER_NUMBER_OBJECT_CONVERSION = YES_AGGRESSIVE;
				CLANG_CXX_LANGUAGE_STANDARD = "gnu++14";
				CLANG_CXX_LIBRARY = "libc++";
				CLANG_ENABLE_MODULES = YES;
				CLANG_ENABLE_OBJC_ARC = YES;
				CLANG_WARN_BLOCK_CAPTURE_AUTORELEASING = YES;
				CLANG_WARN_BOOL_CONVERSION = YES;
				CLANG_WARN_COMMA = YES;
				CLANG_WARN_CONSTANT_CONVERSION = YES;
				CLANG_WARN_DIRECT_OBJC_ISA_USAGE = YES_ERROR;
				CLANG_WARN_DOCUMENTATION_COMMENTS = YES;
				CLANG_WARN_EMPTY_BODY = YES;
				CLANG_WARN_ENUM_CONVERSION = YES;
				CLANG_WARN_INFINITE_RECURSION = YES;
				CLANG_WARN_INT_CONVERSION = YES;
				CLANG_WARN_NON_LITERAL_NULL_CONVERSION = YES;
				CLANG_WARN_OBJC_LITERAL_CONVERSION = YES;
				CLANG_WARN_OBJC_ROOT_CLASS = YES_ERROR;
				CLANG_WARN_RANGE_LOOP_ANALYSIS = YES;
				CLANG_WARN_STRICT_PROTOTYPES = YES;
				CLANG_WARN_SUSPICIOUS_MOVE = YES;
				CLANG_WARN_UNGUARDED_AVAILABILITY = YES_AGGRESSIVE;
				CLANG_WARN_UNREACHABLE_CODE = YES;
				CLANG_WARN__DUPLICATE_METHOD_MATCH = YES;
				CODE_SIGN_IDENTITY = "iPhone Developer";
				COPY_PHASE_STRIP = NO;
				CURRENT_PROJECT_VERSION = 1;
				DEBUG_INFORMATION_FORMAT = "dwarf-with-dsym";
				ENABLE_NS_ASSERTIONS = NO;
				ENABLE_STRICT_OBJC_MSGSEND = YES;
				GCC_C_LANGUAGE_STANDARD = gnu11;
				GCC_NO_COMMON_BLOCKS = YES;
				GCC_WARN_64_TO_32_BIT_CONVERSION = YES;
				GCC_WARN_ABOUT_RETURN_TYPE = YES_ERROR;
				GCC_WARN_UNDECLARED_SELECTOR = YES;
				GCC_WARN_UNINITIALIZED_AUTOS = YES_AGGRESSIVE;
				GCC_WARN_UNUSED_FUNCTION = YES;
				GCC_WARN_UNUSED_VARIABLE = YES;
				IPHONEOS_DEPLOYMENT_TARGET = 11.0;
				MTL_ENABLE_DEBUG_INFO = NO;
				SDKROOT = iphoneos;
				SWIFT_OPTIMIZATION_LEVEL = "-Owholemodule";
				VALIDATE_PRODUCT = YES;
				VERSIONING_SYSTEM = "apple-generic";
				VERSION_INFO_PREFIX = "";
			};
			name = Release;
		};
		48D791BF1FFE1A940023D0CD /* Debug */ = {
			isa = XCBuildConfiguration;
			buildSettings = {
				CLANG_ENABLE_MODULES = YES;
				CODE_SIGN_IDENTITY = "";
				CODE_SIGN_STYLE = Automatic;
				DEFINES_MODULE = YES;
				DEVELOPMENT_TEAM = 4WBRGV5Z9M;
				DYLIB_COMPATIBILITY_VERSION = 1;
				DYLIB_CURRENT_VERSION = 1;
				DYLIB_INSTALL_NAME_BASE = "@rpath";
				INFOPLIST_FILE = TiyoNirExtensions/Info.plist;
				INSTALL_PATH = "$(LOCAL_LIBRARY_DIR)/Frameworks";
				LD_RUNPATH_SEARCH_PATHS = "$(inherited) @executable_path/Frameworks @loader_path/Frameworks";
				PRODUCT_BUNDLE_IDENTIFIER = com.nir.TiyoNirExtensions;
				PRODUCT_NAME = "$(TARGET_NAME:c99extidentifier)";
				SKIP_INSTALL = YES;
				SWIFT_OPTIMIZATION_LEVEL = "-Onone";
				SWIFT_VERSION = 4.0;
				TARGETED_DEVICE_FAMILY = "1,2";
			};
			name = Debug;
		};
		48D791C01FFE1A940023D0CD /* Release */ = {
			isa = XCBuildConfiguration;
			buildSettings = {
				CLANG_ENABLE_MODULES = YES;
				CODE_SIGN_IDENTITY = "";
				CODE_SIGN_STYLE = Automatic;
				DEFINES_MODULE = YES;
				DEVELOPMENT_TEAM = 4WBRGV5Z9M;
				DYLIB_COMPATIBILITY_VERSION = 1;
				DYLIB_CURRENT_VERSION = 1;
				DYLIB_INSTALL_NAME_BASE = "@rpath";
				INFOPLIST_FILE = TiyoNirExtensions/Info.plist;
				INSTALL_PATH = "$(LOCAL_LIBRARY_DIR)/Frameworks";
				LD_RUNPATH_SEARCH_PATHS = "$(inherited) @executable_path/Frameworks @loader_path/Frameworks";
				PRODUCT_BUNDLE_IDENTIFIER = com.nir.TiyoNirExtensions;
				PRODUCT_NAME = "$(TARGET_NAME:c99extidentifier)";
				SKIP_INSTALL = YES;
				SWIFT_VERSION = 4.0;
				TARGETED_DEVICE_FAMILY = "1,2";
			};
			name = Release;
		};
		48D791C21FFE1A940023D0CD /* Debug */ = {
			isa = XCBuildConfiguration;
			buildSettings = {
				ALWAYS_EMBED_SWIFT_STANDARD_LIBRARIES = YES;
				CLANG_ENABLE_MODULES = YES;
				CODE_SIGN_STYLE = Automatic;
				DEVELOPMENT_TEAM = 4WBRGV5Z9M;
				INFOPLIST_FILE = TiyoNirExtensionsTests/Info.plist;
				LD_RUNPATH_SEARCH_PATHS = "$(inherited) @executable_path/Frameworks @loader_path/Frameworks";
				PRODUCT_BUNDLE_IDENTIFIER = com.nir.TiyoNirExtensionsTests;
				PRODUCT_NAME = "$(TARGET_NAME)";
				SWIFT_OPTIMIZATION_LEVEL = "-Onone";
				SWIFT_VERSION = 4.0;
				TARGETED_DEVICE_FAMILY = "1,2";
			};
			name = Debug;
		};
		48D791C31FFE1A940023D0CD /* Release */ = {
			isa = XCBuildConfiguration;
			buildSettings = {
				ALWAYS_EMBED_SWIFT_STANDARD_LIBRARIES = YES;
				CLANG_ENABLE_MODULES = YES;
				CODE_SIGN_STYLE = Automatic;
				DEVELOPMENT_TEAM = 4WBRGV5Z9M;
				INFOPLIST_FILE = TiyoNirExtensionsTests/Info.plist;
				LD_RUNPATH_SEARCH_PATHS = "$(inherited) @executable_path/Frameworks @loader_path/Frameworks";
				PRODUCT_BUNDLE_IDENTIFIER = com.nir.TiyoNirExtensionsTests;
				PRODUCT_NAME = "$(TARGET_NAME)";
				SWIFT_VERSION = 4.0;
				TARGETED_DEVICE_FAMILY = "1,2";
			};
			name = Release;
		};
/* End XCBuildConfiguration section */

/* Begin XCConfigurationList section */
		48D791A41FFE1A940023D0CD /* Build configuration list for PBXProject "TiyoNirExtensions" */ = {
			isa = XCConfigurationList;
			buildConfigurations = (
				48D791BC1FFE1A940023D0CD /* Debug */,
				48D791BD1FFE1A940023D0CD /* Release */,
			);
			defaultConfigurationIsVisible = 0;
			defaultConfigurationName = Release;
		};
		48D791BE1FFE1A940023D0CD /* Build configuration list for PBXNativeTarget "TiyoNirExtensions" */ = {
			isa = XCConfigurationList;
			buildConfigurations = (
				48D791BF1FFE1A940023D0CD /* Debug */,
				48D791C01FFE1A940023D0CD /* Release */,
			);
			defaultConfigurationIsVisible = 0;
			defaultConfigurationName = Release;
		};
		48D791C11FFE1A940023D0CD /* Build configuration list for PBXNativeTarget "TiyoNirExtensionsTests" */ = {
			isa = XCConfigurationList;
			buildConfigurations = (
				48D791C21FFE1A940023D0CD /* Debug */,
				48D791C31FFE1A940023D0CD /* Release */,
			);
			defaultConfigurationIsVisible = 0;
			defaultConfigurationName = Release;
		};
/* End XCConfigurationList section */
	};
	rootObject = 48D791A11FFE1A940023D0CD /* Project object */;
}
